version: 6
environments:
  default:
    channels:
    - url: https://conda.anaconda.org/conda-forge/
    packages:
      osx-64:
      - conda: https://conda.anaconda.org/conda-forge/osx-64/black-25.1.0-py313habf4b1d_0.conda
      - conda: https://conda.anaconda.org/conda-forge/osx-64/bzip2-1.0.8-hfdf4475_7.conda
      - conda: https://conda.anaconda.org/conda-forge/osx-64/ca-certificates-2025.1.31-h8857fd0_0.conda
      - conda: https://conda.anaconda.org/conda-forge/osx-64/cffi-1.17.1-py313h49682b3_0.conda
      - conda: https://conda.anaconda.org/conda-forge/noarch/cfgv-3.3.1-pyhd8ed1ab_1.conda
      - conda: https://conda.anaconda.org/conda-forge/noarch/click-8.1.8-pyh707e725_0.conda
      - conda: https://conda.anaconda.org/conda-forge/noarch/distlib-0.3.9-pyhd8ed1ab_1.conda
      - conda: https://conda.anaconda.org/conda-forge/noarch/filelock-3.17.0-pyhd8ed1ab_0.conda
      - conda: https://conda.anaconda.org/conda-forge/noarch/flake8-7.1.1-pyhd8ed1ab_1.conda
      - conda: https://conda.anaconda.org/conda-forge/noarch/identify-2.6.7-pyhd8ed1ab_0.conda
      - conda: https://conda.anaconda.org/conda-forge/noarch/isort-6.0.0-pyhd8ed1ab_0.conda
      - conda: https://conda.anaconda.org/conda-forge/osx-64/libcxx-19.1.7-hf95d169_0.conda
      - conda: https://conda.anaconda.org/conda-forge/osx-64/libexpat-2.6.4-h240833e_0.conda
      - conda: https://conda.anaconda.org/conda-forge/osx-64/libffi-3.4.6-h281671d_0.conda
      - conda: https://conda.anaconda.org/conda-forge/osx-64/liblzma-5.6.4-hd471939_0.conda
      - conda: https://conda.anaconda.org/conda-forge/osx-64/libmpdec-4.0.0-hfdf4475_0.conda
      - conda: https://conda.anaconda.org/conda-forge/osx-64/libsqlite-3.48.0-hdb6dae5_1.conda
      - conda: https://conda.anaconda.org/conda-forge/osx-64/libzlib-1.3.1-hd23fc13_2.conda
      - conda: https://conda.anaconda.org/conda-forge/noarch/mccabe-0.7.0-pyhd8ed1ab_1.conda
      - conda: https://conda.anaconda.org/conda-forge/osx-64/mypy-1.15.0-py313h63b0ddb_0.conda
      - conda: https://conda.anaconda.org/conda-forge/noarch/mypy_extensions-1.0.0-pyha770c72_1.conda
      - conda: https://conda.anaconda.org/conda-forge/osx-64/ncurses-6.5-h0622a9a_3.conda
      - conda: https://conda.anaconda.org/conda-forge/noarch/nodeenv-1.9.1-pyhd8ed1ab_1.conda
      - conda: https://conda.anaconda.org/conda-forge/osx-64/openssl-3.4.1-hc426f3f_0.conda
      - conda: https://conda.anaconda.org/conda-forge/noarch/packaging-24.2-pyhd8ed1ab_2.conda
      - conda: https://conda.anaconda.org/conda-forge/noarch/pathspec-0.12.1-pyhd8ed1ab_1.conda
      - conda: https://conda.anaconda.org/conda-forge/noarch/platformdirs-4.3.6-pyhd8ed1ab_1.conda
      - conda: https://conda.anaconda.org/conda-forge/noarch/pre-commit-4.1.0-pyha770c72_0.conda
      - conda: https://conda.anaconda.org/conda-forge/osx-64/psutil-6.1.1-py313h63b0ddb_0.conda
      - conda: https://conda.anaconda.org/conda-forge/noarch/pycodestyle-2.12.1-pyhd8ed1ab_1.conda
      - conda: https://conda.anaconda.org/conda-forge/noarch/pycparser-2.22-pyh29332c3_1.conda
      - conda: https://conda.anaconda.org/conda-forge/noarch/pyflakes-3.2.0-pyhd8ed1ab_1.conda
      - conda: https://conda.anaconda.org/conda-forge/osx-64/python-3.13.1-h2334245_105_cp313.conda
      - conda: https://conda.anaconda.org/conda-forge/osx-64/python_abi-3.13-5_cp313.conda
      - conda: https://conda.anaconda.org/conda-forge/osx-64/pyyaml-6.0.2-py313h717bdf5_2.conda
      - conda: https://conda.anaconda.org/conda-forge/osx-64/readline-8.2-h9e318b2_1.conda
      - conda: https://conda.anaconda.org/conda-forge/noarch/setuptools-75.8.0-pyhff2d567_0.conda
      - conda: https://conda.anaconda.org/conda-forge/osx-64/tk-8.6.13-h1abcd95_1.conda
      - conda: https://conda.anaconda.org/conda-forge/noarch/typing_extensions-4.12.2-pyha770c72_1.conda
      - conda: https://conda.anaconda.org/conda-forge/noarch/tzdata-2025a-h78e105d_0.conda
      - conda: https://conda.anaconda.org/conda-forge/osx-64/ukkonen-1.0.1-py313h0c4e38b_5.conda
      - conda: https://conda.anaconda.org/conda-forge/noarch/virtualenv-20.29.2-pyhd8ed1ab_0.conda
      - conda: https://conda.anaconda.org/conda-forge/osx-64/yaml-0.2.5-h0d85af4_2.tar.bz2
packages:
- conda: https://conda.anaconda.org/conda-forge/osx-64/black-25.1.0-py313habf4b1d_0.conda
  sha256: 293c0048448eec702c58f12aa7ccab71102e5e61482d3ad6439208ab4d7b5ada
  md5: c4f8ef5281c64a0f15ec659e51bb079f
  depends:
  - click >=8.0.0
  - mypy_extensions >=0.4.3
  - packaging >=22.0
  - pathspec >=0.9
  - platformdirs >=2
  - python >=3.13,<3.14.0a0
  - python_abi 3.13.* *_cp313
  arch: x86_64
  platform: osx
  license: MIT
  license_family: MIT
  size: 401564
  timestamp: 1738616279268
- conda: https://conda.anaconda.org/conda-forge/osx-64/bzip2-1.0.8-hfdf4475_7.conda
  sha256: cad153608b81fb24fc8c509357daa9ae4e49dfc535b2cb49b91e23dbd68fc3c5
  md5: 7ed4301d437b59045be7e051a0308211
  depends:
  - __osx >=10.13
  arch: x86_64
  platform: osx
  license: bzip2-1.0.6
  license_family: BSD
  size: 134188
  timestamp: 1720974491916
- conda: https://conda.anaconda.org/conda-forge/osx-64/ca-certificates-2025.1.31-h8857fd0_0.conda
  sha256: 42e911ee2d8808eacedbec46d99b03200a6138b8e8a120bd8acabe1cac41c63b
  md5: 3418b6c8cac3e71c0bc089fc5ea53042
  arch: x86_64
  platform: osx
  license: ISC
  size: 158408
  timestamp: 1738298385933
- conda: https://conda.anaconda.org/conda-forge/osx-64/cffi-1.17.1-py313h49682b3_0.conda
  sha256: 660c8f8488f78c500a1bb4a803c31403104b1ee2cabf1476a222a3b8abf5a4d7
  md5: 98afc301e6601a3480f9e0b9f8867ee0
  depends:
  - __osx >=10.13
  - libffi >=3.4,<4.0a0
  - pycparser
  - python >=3.13.0rc1,<3.14.0a0
  - python_abi 3.13.* *_cp313
  arch: x86_64
  platform: osx
  license: MIT
  license_family: MIT
  size: 284540
  timestamp: 1725560667915
- conda: https://conda.anaconda.org/conda-forge/noarch/cfgv-3.3.1-pyhd8ed1ab_1.conda
  sha256: d5696636733b3c301054b948cdd793f118efacce361d9bd4afb57d5980a9064f
  md5: 57df494053e17dce2ac3a0b33e1b2a2e
  depends:
  - python >=3.9
  license: MIT
  license_family: MIT
  size: 12973
  timestamp: 1734267180483
- conda: https://conda.anaconda.org/conda-forge/noarch/click-8.1.8-pyh707e725_0.conda
  sha256: c920d23cd1fcf565031c679adb62d848af60d6fbb0edc2d50ba475cea4f0d8ab
  md5: f22f4d4970e09d68a10b922cbb0408d3
  depends:
  - __unix
  - python >=3.9
  license: BSD-3-Clause
  license_family: BSD
  size: 84705
  timestamp: 1734858922844
- conda: https://conda.anaconda.org/conda-forge/noarch/distlib-0.3.9-pyhd8ed1ab_1.conda
  sha256: 0e160c21776bd881b79ce70053e59736f51036784fa43a50da10a04f0c1b9c45
  md5: 8d88f4a2242e6b96f9ecff9a6a05b2f1
  depends:
  - python >=3.9
  license: Apache-2.0
  license_family: APACHE
  size: 274151
  timestamp: 1733238487461
- conda: https://conda.anaconda.org/conda-forge/noarch/filelock-3.17.0-pyhd8ed1ab_0.conda
  sha256: 006d7e5a0c17a6973596dd86bfc80d74ce541144d2aee2d22d46fd41df560a63
  md5: 7f402b4a1007ee355bc50ce4d24d4a57
  depends:
  - python >=3.9
  license: Unlicense
  size: 17544
  timestamp: 1737517924333
- conda: https://conda.anaconda.org/conda-forge/noarch/flake8-7.1.1-pyhd8ed1ab_1.conda
  sha256: 0ae3828483668c892cf3e8d4d81cb1c47a9d2bf534766b8206f6e12ef48c843f
  md5: c43926857c0c7ba1a29c8c4a221a5e78
  depends:
  - mccabe >=0.7.0,<0.8.0
  - pycodestyle >=2.12.0,<2.13.0
  - pyflakes >=3.2.0,<3.3.0
  - python >=3.9
  license: MIT
  license_family: MIT
  size: 111177
  timestamp: 1733246798462
- conda: https://conda.anaconda.org/conda-forge/noarch/identify-2.6.7-pyhd8ed1ab_0.conda
  sha256: 27c1c5c1f3090ce826a08d50e70c53c77a8b6b39561b2967388f014fa2d52297
  md5: 1027da8216437467b4588fa79e143d89
  depends:
  - python >=3.9
  - ukkonen
  license: MIT
  license_family: MIT
  size: 78597
  timestamp: 1739058677860
- conda: https://conda.anaconda.org/conda-forge/noarch/isort-6.0.0-pyhd8ed1ab_0.conda
  sha256: 6cd5e7e86ec3d674311cbcdd5943a1c1508ff12b0e28006d919f69391f18dd15
  md5: 5e4f9eef5749c5ce6457321a3f8bd405
  depends:
  - python >=3.9,<4.0
  - setuptools
  license: MIT
  license_family: MIT
  size: 74515
  timestamp: 1738061360596
- conda: https://conda.anaconda.org/conda-forge/osx-64/libcxx-19.1.7-hf95d169_0.conda
  sha256: 6b2fa3fb1e8cd2000b0ed259e0c4e49cbef7b76890157fac3e494bc659a20330
  md5: 4b8f8dc448d814169dbc58fc7286057d
  depends:
  - __osx >=10.13
  arch: x86_64
  platform: osx
  license: Apache-2.0 WITH LLVM-exception
  license_family: Apache
  size: 527924
  timestamp: 1736877256721
- conda: https://conda.anaconda.org/conda-forge/osx-64/libexpat-2.6.4-h240833e_0.conda
  sha256: d10f43d0c5df6c8cf55259bce0fe14d2377eed625956cddce06f58827d288c59
  md5: 20307f4049a735a78a29073be1be2626
  depends:
  - __osx >=10.13
  constrains:
  - expat 2.6.4.*
  arch: x86_64
  platform: osx
  license: MIT
  license_family: MIT
  size: 70758
  timestamp: 1730967204736
- conda: https://conda.anaconda.org/conda-forge/osx-64/libffi-3.4.6-h281671d_0.conda
  sha256: 7805fdc536a3da7fb63dc48e040105cd4260c69a1d2bf5804dadd31bde8bab51
  md5: b8667b0d0400b8dcb6844d8e06b2027d
  depends:
  - __osx >=10.13
  arch: x86_64
  platform: osx
  license: MIT
  license_family: MIT
  size: 47258
  timestamp: 1739260651925
- conda: https://conda.anaconda.org/conda-forge/osx-64/liblzma-5.6.4-hd471939_0.conda
  sha256: a895b5b16468a6ed436f022d72ee52a657f9b58214b91fabfab6230e3592a6dd
  md5: db9d7b0152613f097cdb61ccf9f70ef5
  depends:
  - __osx >=10.13
  arch: x86_64
  platform: osx
  license: 0BSD
  size: 103749
  timestamp: 1738525448522
- conda: https://conda.anaconda.org/conda-forge/osx-64/libmpdec-4.0.0-hfdf4475_0.conda
  sha256: 791be3d30d8e37ec49bcc23eb8f1e1415d911a7c023fa93685f2ea485179e258
  md5: ed625b2e59dff82859c23dd24774156b
  depends:
  - __osx >=10.13
  arch: x86_64
  platform: osx
  license: BSD-2-Clause
  license_family: BSD
  size: 76561
  timestamp: 1723817691512
- conda: https://conda.anaconda.org/conda-forge/osx-64/libsqlite-3.48.0-hdb6dae5_1.conda
  sha256: ccff3309ed7b1561d3bb00f1e4f36d9d1323af998013e3182a13bf0b5dcef4ec
  md5: 6c4d367a4916ea169d614590bdf33b7c
  depends:
  - __osx >=10.13
  - libzlib >=1.3.1,<2.0a0
  arch: x86_64
  platform: osx
  license: Unlicense
  size: 926014
  timestamp: 1737565233282
- conda: https://conda.anaconda.org/conda-forge/osx-64/libzlib-1.3.1-hd23fc13_2.conda
  sha256: 8412f96504fc5993a63edf1e211d042a1fd5b1d51dedec755d2058948fcced09
  md5: 003a54a4e32b02f7355b50a837e699da
  depends:
  - __osx >=10.13
  constrains:
  - zlib 1.3.1 *_2
  arch: x86_64
  platform: osx
  license: Zlib
  license_family: Other
  size: 57133
  timestamp: 1727963183990
- conda: https://conda.anaconda.org/conda-forge/noarch/mccabe-0.7.0-pyhd8ed1ab_1.conda
  sha256: 9b0037171dad0100f0296699a11ae7d355237b55f42f9094aebc0f41512d96a1
  md5: 827064ddfe0de2917fb29f1da4f8f533
  depends:
  - python >=3.9
  license: MIT
  license_family: MIT
  size: 12934
  timestamp: 1733216573915
- conda: https://conda.anaconda.org/conda-forge/osx-64/mypy-1.15.0-py313h63b0ddb_0.conda
  sha256: ec50dc7be70eff5008d73b4bd29fba72e02e499e9b60060a49ece4c1e12a9d55
  md5: e9dc60a2c2c62f4d2e24f61603f00bdc
  depends:
  - __osx >=10.13
  - mypy_extensions >=1.0.0
  - psutil >=4.0
  - python >=3.13,<3.14.0a0
  - python_abi 3.13.* *_cp313
  - typing_extensions >=4.1.0
  arch: x86_64
  platform: osx
  license: MIT
  license_family: MIT
  size: 11022410
  timestamp: 1738768159908
- conda: https://conda.anaconda.org/conda-forge/noarch/mypy_extensions-1.0.0-pyha770c72_1.conda
  sha256: 1895f47b7d68581a6facde5cb13ab8c2764c2e53a76bd746f8f98910dc4e08fe
  md5: 29097e7ea634a45cc5386b95cac6568f
  depends:
  - python >=3.9
  license: MIT
  license_family: MIT
  size: 10854
  timestamp: 1733230986902
- conda: https://conda.anaconda.org/conda-forge/osx-64/ncurses-6.5-h0622a9a_3.conda
  sha256: ea4a5d27ded18443749aefa49dc79f6356da8506d508b5296f60b8d51e0c4bd9
  md5: ced34dd9929f491ca6dab6a2927aff25
  depends:
  - __osx >=10.13
  arch: x86_64
  platform: osx
  license: X11 AND BSD-3-Clause
  size: 822259
  timestamp: 1738196181298
- conda: https://conda.anaconda.org/conda-forge/noarch/nodeenv-1.9.1-pyhd8ed1ab_1.conda
  sha256: 3636eec0e60466a00069b47ce94b6d88b01419b6577d8e393da44bb5bc8d3468
  md5: 7ba3f09fceae6a120d664217e58fe686
  depends:
  - python >=3.9
  - setuptools
  license: BSD-3-Clause
  license_family: BSD
  size: 34574
  timestamp: 1734112236147
- conda: https://conda.anaconda.org/conda-forge/osx-64/openssl-3.4.1-hc426f3f_0.conda
  sha256: 505a46671dab5d66df8e684f99a9ae735a607816b12810b572d63caa512224df
  md5: a7d63f8e7ab23f71327ea6d27e2d5eae
  depends:
  - __osx >=10.13
  - ca-certificates
  arch: x86_64
  platform: osx
  license: Apache-2.0
  license_family: Apache
  size: 2591479
  timestamp: 1739302628009
- conda: https://conda.anaconda.org/conda-forge/noarch/packaging-24.2-pyhd8ed1ab_2.conda
  sha256: da157b19bcd398b9804c5c52fc000fcb8ab0525bdb9c70f95beaa0bb42f85af1
  md5: 3bfed7e6228ebf2f7b9eaa47f1b4e2aa
  depends:
  - python >=3.8
  license: Apache-2.0
  license_family: APACHE
  size: 60164
  timestamp: 1733203368787
- conda: https://conda.anaconda.org/conda-forge/noarch/pathspec-0.12.1-pyhd8ed1ab_1.conda
  sha256: 9f64009cdf5b8e529995f18e03665b03f5d07c0b17445b8badef45bde76249ee
  md5: 617f15191456cc6a13db418a275435e5
  depends:
  - python >=3.9
  license: MPL-2.0
  license_family: MOZILLA
  size: 41075
  timestamp: 1733233471940
- conda: https://conda.anaconda.org/conda-forge/noarch/platformdirs-4.3.6-pyhd8ed1ab_1.conda
  sha256: bb50f6499e8bc1d1a26f17716c97984671121608dc0c3ecd34858112bce59a27
  md5: 577852c7e53901ddccc7e6a9959ddebe
  depends:
  - python >=3.9
  license: MIT
  license_family: MIT
  size: 20448
  timestamp: 1733232756001
- conda: https://conda.anaconda.org/conda-forge/noarch/pre-commit-4.1.0-pyha770c72_0.conda
  sha256: b260b4b47956b654232f698be1b757935268830a808040aff2006d08953e9e32
  md5: 5353f5eb201a9415b12385e35ed1148d
  depends:
  - cfgv >=2.0.0
  - identify >=1.0.0
  - nodeenv >=0.11.1
  - python >=3.9
  - pyyaml >=5.1
  - virtualenv >=20.10.0
  license: MIT
  license_family: MIT
  size: 195101
  timestamp: 1737408051494
- conda: https://conda.anaconda.org/conda-forge/osx-64/psutil-6.1.1-py313h63b0ddb_0.conda
  sha256: 6ce8a7a64fb72fa8b1b3f20058ea345534be3a7b4729768d320f56be67047fc7
  md5: 8538f25c72edf35a53a7281bb7501209
  depends:
  - __osx >=10.13
  - python >=3.13,<3.14.0a0
  - python_abi 3.13.* *_cp313
  arch: x86_64
  platform: osx
  license: BSD-3-Clause
  license_family: BSD
  size: 501460
  timestamp: 1735327516357
- conda: https://conda.anaconda.org/conda-forge/noarch/pycodestyle-2.12.1-pyhd8ed1ab_1.conda
  sha256: 8671d9dcbf458adb6435616ded0fd71925f0fa1b074528604db2f64fac54bf52
  md5: e895db5e6cee923018cbb1656c8ca7fa
  depends:
  - python >=3.9
  license: MIT
  license_family: MIT
  size: 34350
  timestamp: 1733216302933
- conda: https://conda.anaconda.org/conda-forge/noarch/pycparser-2.22-pyh29332c3_1.conda
  sha256: 79db7928d13fab2d892592223d7570f5061c192f27b9febd1a418427b719acc6
  md5: 12c566707c80111f9799308d9e265aef
  depends:
  - python >=3.9
  - python
  license: BSD-3-Clause
  license_family: BSD
  size: 110100
  timestamp: 1733195786147
- conda: https://conda.anaconda.org/conda-forge/noarch/pyflakes-3.2.0-pyhd8ed1ab_1.conda
  sha256: 22aa7a4d67c3907da5bbf2b97dbe34061c390ea7ba99e9d75ee581956270e129
  md5: 4731450b2c059fc567696242bcb7fc05
  depends:
  - python >=3.9
  license: MIT
  license_family: MIT
  size: 58379
  timestamp: 1733216158448
- conda: https://conda.anaconda.org/conda-forge/osx-64/python-3.13.1-h2334245_105_cp313.conda
  build_number: 105
  sha256: a9d224fa69c8b58c8112997f03988de569504c36ba619a08144c47512219e5ad
  md5: c3318c58d14fefd755852e989c991556
  depends:
  - __osx >=10.13
  - bzip2 >=1.0.8,<2.0a0
  - libexpat >=2.6.4,<3.0a0
  - libffi >=3.4,<4.0a0
  - liblzma >=5.6.3,<6.0a0
  - libmpdec >=4.0.0,<5.0a0
  - libsqlite >=3.47.2,<4.0a0
  - libzlib >=1.3.1,<2.0a0
  - ncurses >=6.5,<7.0a0
  - openssl >=3.4.0,<4.0a0
  - python_abi 3.13.* *_cp313
  - readline >=8.2,<9.0a0
  - tk >=8.6.13,<8.7.0a0
  - tzdata
  arch: x86_64
  platform: osx
  license: Python-2.0
  size: 13893157
  timestamp: 1736762934457
  python_site_packages_path: lib/python3.13/site-packages
- conda: https://conda.anaconda.org/conda-forge/osx-64/python_abi-3.13-5_cp313.conda
  build_number: 5
  sha256: 075ad768648e88b78d2a94099563b43d3082e7c35979f457164f26d1079b7b5c
  md5: 927a2186f1f997ac018d67c4eece90a6
  constrains:
  - python 3.13.* *_cp313
  arch: x86_64
  platform: osx
  license: BSD-3-Clause
  license_family: BSD
  size: 6291
  timestamp: 1723823083064
- conda: https://conda.anaconda.org/conda-forge/osx-64/pyyaml-6.0.2-py313h717bdf5_2.conda
  sha256: 27501e9b3b5c6bfabb3068189fd40c650356a258e4a82b0cfe31c60f568dcb85
  md5: b7f2984724531d2233b77c89c54be594
  depends:
  - __osx >=10.13
  - python >=3.13,<3.14.0a0
  - python_abi 3.13.* *_cp313
  - yaml >=0.2.5,<0.3.0a0
  arch: x86_64
  platform: osx
  license: MIT
  license_family: MIT
  size: 196573
  timestamp: 1737455046063
- conda: https://conda.anaconda.org/conda-forge/osx-64/readline-8.2-h9e318b2_1.conda
  sha256: 41e7d30a097d9b060037f0c6a2b1d4c4ae7e942c06c943d23f9d481548478568
  md5: f17f77f2acf4d344734bda76829ce14e
  depends:
  - ncurses >=6.3,<7.0a0
  arch: x86_64
  platform: osx
  license: GPL-3.0-only
  license_family: GPL
  size: 255870
  timestamp: 1679532707590
- conda: https://conda.anaconda.org/conda-forge/noarch/setuptools-75.8.0-pyhff2d567_0.conda
  sha256: e0778e4f276e9a81b51c56f51ec22a27b4d8fc955abc0be77ad09ca9bea06bb9
  md5: 8f28e299c11afdd79e0ec1e279dcdc52
  depends:
  - python >=3.9
  license: MIT
  license_family: MIT
  size: 775598
  timestamp: 1736512753595
- conda: https://conda.anaconda.org/conda-forge/osx-64/tk-8.6.13-h1abcd95_1.conda
  sha256: 30412b2e9de4ff82d8c2a7e5d06a15f4f4fef1809a72138b6ccb53a33b26faf5
  md5: bf830ba5afc507c6232d4ef0fb1a882d
  depends:
  - libzlib >=1.2.13,<2.0.0a0
  arch: x86_64
  platform: osx
  license: TCL
  license_family: BSD
  size: 3270220
  timestamp: 1699202389792
- conda: https://conda.anaconda.org/conda-forge/noarch/typing_extensions-4.12.2-pyha770c72_1.conda
  sha256: 337be7af5af8b2817f115b3b68870208b30c31d3439bec07bfb2d8f4823e3568
  md5: d17f13df8b65464ca316cbc000a3cb64
  depends:
  - python >=3.9
  license: PSF-2.0
  license_family: PSF
  size: 39637
  timestamp: 1733188758212
- conda: https://conda.anaconda.org/conda-forge/noarch/tzdata-2025a-h78e105d_0.conda
  sha256: c4b1ae8a2931fe9b274c44af29c5475a85b37693999f8c792dad0f8c6734b1de
  md5: dbcace4706afdfb7eb891f7b37d07c04
  license: LicenseRef-Public-Domain
  size: 122921
  timestamp: 1737119101255
- conda: https://conda.anaconda.org/conda-forge/osx-64/ukkonen-1.0.1-py313h0c4e38b_5.conda
  sha256: 6abf14f984a1fc3641908cb7e96ba8f2ce56e6f81069852b384e1755f8f5225e
  md5: 6185cafe9e489071688304666923c2ad
  depends:
  - __osx >=10.13
  - cffi
  - libcxx >=17
  - python >=3.13.0rc1,<3.14.0a0
  - python_abi 3.13.* *_cp313
  arch: x86_64
  platform: osx
  license: MIT
  license_family: MIT
  size: 13126
  timestamp: 1725784265187
- conda: https://conda.anaconda.org/conda-forge/noarch/virtualenv-20.29.2-pyhd8ed1ab_0.conda
  sha256: c50a4ab0f5f1164230d42a29f12f61ece9c7b102f57ed1c607d2cd7c77e107b5
  md5: d8a3ee355d5ecc9ee2565cafba1d3573
  depends:
  - distlib >=0.3.7,<1
  - filelock >=3.12.2,<4
  - platformdirs >=3.9.1,<5
  - python >=3.9
  license: MIT
  license_family: MIT
  size: 3519478
  timestamp: 1739263533376
- conda: https://conda.anaconda.org/conda-forge/osx-64/yaml-0.2.5-h0d85af4_2.tar.bz2
  sha256: 5301417e2c8dea45b401ffee8df3957d2447d4ce80c83c5ff151fc6bfe1c4148
  md5: d7e08fcf8259d742156188e8762b4d20
  arch: x86_64
  platform: osx
  license: MIT
  license_family: MIT
  size: 84237
  timestamp: 1641347062780
